// !$*UTF8*$!
{
	archiveVersion = 1;
	classes = {
	};
	objectVersion = 50;
	objects = {

/* Begin PBXBuildFile section */
		160579F923C0D919007AB158 /* AppDelegate.swift in Sources */ = {isa = PBXBuildFile; fileRef = 160579F823C0D919007AB158 /* AppDelegate.swift */; };
		160579FB23C0D919007AB158 /* SceneDelegate.swift in Sources */ = {isa = PBXBuildFile; fileRef = 160579FA23C0D919007AB158 /* SceneDelegate.swift */; };
		160579FD23C0D919007AB158 /* PushBySVViewController.swift in Sources */ = {isa = PBXBuildFile; fileRef = 160579FC23C0D919007AB158 /* PushBySVViewController.swift */; };
		16057A0023C0D919007AB158 /* Main.storyboard in Resources */ = {isa = PBXBuildFile; fileRef = 160579FE23C0D919007AB158 /* Main.storyboard */; };
		16057A0223C0D91A007AB158 /* Assets.xcassets in Resources */ = {isa = PBXBuildFile; fileRef = 16057A0123C0D91A007AB158 /* Assets.xcassets */; };
		16057A0523C0D91A007AB158 /* LaunchScreen.storyboard in Resources */ = {isa = PBXBuildFile; fileRef = 16057A0323C0D91A007AB158 /* LaunchScreen.storyboard */; };
		1614288523C23DCF00340362 /* PushNotBySVViewController.swift in Sources */ = {isa = PBXBuildFile; fileRef = 1614288423C23DCF00340362 /* PushNotBySVViewController.swift */; };
		1614288923C361C000340362 /* README.md in Resources */ = {isa = PBXBuildFile; fileRef = 1614288823C361C000340362 /* README.md */; };
		16613C9223C6BABD00760F2E /* PushByIQManagerViewController.swift in Sources */ = {isa = PBXBuildFile; fileRef = 16613C9123C6BABD00760F2E /* PushByIQManagerViewController.swift */; };
		2B5FA1BEFDE6214F43512F40 /* Pods_AnnoyingKB.framework in Frameworks */ = {isa = PBXBuildFile; fileRef = B0CC8E940B92CC6D66DA6190 /* Pods_AnnoyingKB.framework */; };
/* End PBXBuildFile section */

/* Begin PBXFileReference section */
		0A536DA9473B8EA8B7687CD5 /* Pods-AnnoyingKB.release.xcconfig */ = {isa = PBXFileReference; includeInIndex = 1; lastKnownFileType = text.xcconfig; name = "Pods-AnnoyingKB.release.xcconfig"; path = "Target Support Files/Pods-AnnoyingKB/Pods-AnnoyingKB.release.xcconfig"; sourceTree = "<group>"; };
		160579F523C0D919007AB158 /* AnnoyingKB.app */ = {isa = PBXFileReference; explicitFileType = wrapper.application; includeInIndex = 0; path = AnnoyingKB.app; sourceTree = BUILT_PRODUCTS_DIR; };
		160579F823C0D919007AB158 /* AppDelegate.swift */ = {isa = PBXFileReference; lastKnownFileType = sourcecode.swift; path = AppDelegate.swift; sourceTree = "<group>"; };
		160579FA23C0D919007AB158 /* SceneDelegate.swift */ = {isa = PBXFileReference; lastKnownFileType = sourcecode.swift; path = SceneDelegate.swift; sourceTree = "<group>"; };
		160579FC23C0D919007AB158 /* PushBySVViewController.swift */ = {isa = PBXFileReference; lastKnownFileType = sourcecode.swift; path = PushBySVViewController.swift; sourceTree = "<group>"; };
		160579FF23C0D919007AB158 /* Base */ = {isa = PBXFileReference; lastKnownFileType = file.storyboard; name = Base; path = Base.lproj/Main.storyboard; sourceTree = "<group>"; };
		16057A0123C0D91A007AB158 /* Assets.xcassets */ = {isa = PBXFileReference; lastKnownFileType = folder.assetcatalog; path = Assets.xcassets; sourceTree = "<group>"; };
		16057A0423C0D91A007AB158 /* Base */ = {isa = PBXFileReference; lastKnownFileType = file.storyboard; name = Base; path = Base.lproj/LaunchScreen.storyboard; sourceTree = "<group>"; };
		16057A0623C0D91A007AB158 /* Info.plist */ = {isa = PBXFileReference; lastKnownFileType = text.plist.xml; path = Info.plist; sourceTree = "<group>"; };
		1614288423C23DCF00340362 /* PushNotBySVViewController.swift */ = {isa = PBXFileReference; lastKnownFileType = sourcecode.swift; path = PushNotBySVViewController.swift; sourceTree = "<group>"; };
		1614288823C361C000340362 /* README.md */ = {isa = PBXFileReference; fileEncoding = 4; lastKnownFileType = net.daringfireball.markdown; path = README.md; sourceTree = "<group>"; };
		16613C9123C6BABD00760F2E /* PushByIQManagerViewController.swift */ = {isa = PBXFileReference; lastKnownFileType = sourcecode.swift; path = PushByIQManagerViewController.swift; sourceTree = "<group>"; };
		B0CC8E940B92CC6D66DA6190 /* Pods_AnnoyingKB.framework */ = {isa = PBXFileReference; explicitFileType = wrapper.framework; includeInIndex = 0; path = Pods_AnnoyingKB.framework; sourceTree = BUILT_PRODUCTS_DIR; };
		F41738745E6469A2777B8D69 /* Pods-AnnoyingKB.debug.xcconfig */ = {isa = PBXFileReference; includeInIndex = 1; lastKnownFileType = text.xcconfig; name = "Pods-AnnoyingKB.debug.xcconfig"; path = "Target Support Files/Pods-AnnoyingKB/Pods-AnnoyingKB.debug.xcconfig"; sourceTree = "<group>"; };
/* End PBXFileReference section */

/* Begin PBXFrameworksBuildPhase section */
		160579F223C0D919007AB158 /* Frameworks */ = {
			isa = PBXFrameworksBuildPhase;
			buildActionMask = 2147483647;
			files = (
				2B5FA1BEFDE6214F43512F40 /* Pods_AnnoyingKB.framework in Frameworks */,
			);
			runOnlyForDeploymentPostprocessing = 0;
		};
/* End PBXFrameworksBuildPhase section */

/* Begin PBXGroup section */
		160579EC23C0D919007AB158 = {
			isa = PBXGroup;
			children = (
				1614288823C361C000340362 /* README.md */,
				160579F723C0D919007AB158 /* AnnoyingKB */,
				160579F623C0D919007AB158 /* Products */,
				19654FEB227B7BFEB6AC3A93 /* Pods */,
				819FF56F30DE4CFC3B773FE4 /* Frameworks */,
			);
			sourceTree = "<group>";
		};
		160579F623C0D919007AB158 /* Products */ = {
			isa = PBXGroup;
			children = (
				160579F523C0D919007AB158 /* AnnoyingKB.app */,
			);
			name = Products;
			sourceTree = "<group>";
		};
		160579F723C0D919007AB158 /* AnnoyingKB */ = {
			isa = PBXGroup;
			children = (
				16057A0D23C0D991007AB158 /* View */,
				16057A0E23C0D999007AB158 /* Controller */,
				16057A0C23C0D96D007AB158 /* Supporting Files */,
				16057A0123C0D91A007AB158 /* Assets.xcassets */,
				16057A0323C0D91A007AB158 /* LaunchScreen.storyboard */,
				16057A0623C0D91A007AB158 /* Info.plist */,
			);
			path = AnnoyingKB;
			sourceTree = "<group>";
		};
		16057A0C23C0D96D007AB158 /* Supporting Files */ = {
			isa = PBXGroup;
			children = (
				160579F823C0D919007AB158 /* AppDelegate.swift */,
				160579FA23C0D919007AB158 /* SceneDelegate.swift */,
			);
			path = "Supporting Files";
			sourceTree = "<group>";
		};
		16057A0D23C0D991007AB158 /* View */ = {
			isa = PBXGroup;
			children = (
				160579FE23C0D919007AB158 /* Main.storyboard */,
			);
			path = View;
			sourceTree = "<group>";
		};
		16057A0E23C0D999007AB158 /* Controller */ = {
			isa = PBXGroup;
			children = (
				160579FC23C0D919007AB158 /* PushBySVViewController.swift */,
				1614288423C23DCF00340362 /* PushNotBySVViewController.swift */,
				16613C9123C6BABD00760F2E /* PushByIQManagerViewController.swift */,
			);
			path = Controller;
			sourceTree = "<group>";
		};
		19654FEB227B7BFEB6AC3A93 /* Pods */ = {
			isa = PBXGroup;
			children = (
				F41738745E6469A2777B8D69 /* Pods-AnnoyingKB.debug.xcconfig */,
				0A536DA9473B8EA8B7687CD5 /* Pods-AnnoyingKB.release.xcconfig */,
			);
			name = Pods;
			path = Pods;
			sourceTree = "<group>";
		};
		819FF56F30DE4CFC3B773FE4 /* Frameworks */ = {
			isa = PBXGroup;
			children = (
				B0CC8E940B92CC6D66DA6190 /* Pods_AnnoyingKB.framework */,
			);
			name = Frameworks;
			sourceTree = "<group>";
		};
/* End PBXGroup section */

/* Begin PBXNativeTarget section */
		160579F423C0D919007AB158 /* AnnoyingKB */ = {
			isa = PBXNativeTarget;
			buildConfigurationList = 16057A0923C0D91A007AB158 /* Build configuration list for PBXNativeTarget "AnnoyingKB" */;
			buildPhases = (
				DDCDE4406087C07B321D230D /* [CP] Check Pods Manifest.lock */,
				160579F123C0D919007AB158 /* Sources */,
				160579F223C0D919007AB158 /* Frameworks */,
				160579F323C0D919007AB158 /* Resources */,
				C2C265A286AEB1FBE3A6F46D /* [CP] Embed Pods Frameworks */,
			);
			buildRules = (
			);
			dependencies = (
			);
			name = AnnoyingKB;
			productName = AnnoyingKB;
			productReference = 160579F523C0D919007AB158 /* AnnoyingKB.app */;
			productType = "com.apple.product-type.application";
		};
/* End PBXNativeTarget section */

/* Begin PBXProject section */
		160579ED23C0D919007AB158 /* Project object */ = {
			isa = PBXProject;
			attributes = {
				LastSwiftUpdateCheck = 1130;
				LastUpgradeCheck = 1130;
				ORGANIZATIONNAME = Lacie;
				TargetAttributes = {
					160579F423C0D919007AB158 = {
						CreatedOnToolsVersion = 11.3;
					};
				};
			};
			buildConfigurationList = 160579F023C0D919007AB158 /* Build configuration list for PBXProject "AnnoyingKB" */;
			compatibilityVersion = "Xcode 9.3";
			developmentRegion = en;
			hasScannedForEncodings = 0;
			knownRegions = (
				en,
				Base,
			);
			mainGroup = 160579EC23C0D919007AB158;
			productRefGroup = 160579F623C0D919007AB158 /* Products */;
			projectDirPath = "";
			projectRoot = "";
			targets = (
				160579F423C0D919007AB158 /* AnnoyingKB */,
			);
		};
/* End PBXProject section */

/* Begin PBXResourcesBuildPhase section */
		160579F323C0D919007AB158 /* Resources */ = {
			isa = PBXResourcesBuildPhase;
			buildActionMask = 2147483647;
			files = (
				16057A0523C0D91A007AB158 /* LaunchScreen.storyboard in Resources */,
				16057A0223C0D91A007AB158 /* Assets.xcassets in Resources */,
				1614288923C361C000340362 /* README.md in Resources */,
				16057A0023C0D919007AB158 /* Main.storyboard in Resources */,
			);
			runOnlyForDeploymentPostprocessing = 0;
		};
/* End PBXResourcesBuildPhase section */

/* Begin PBXShellScriptBuildPhase section */
		C2C265A286AEB1FBE3A6F46D /* [CP] Embed Pods Frameworks */ = {
			isa = PBXShellScriptBuildPhase;
			buildActionMask = 2147483647;
			files = (
			);
			inputFileListPaths = (
				"${PODS_ROOT}/Target Support Files/Pods-AnnoyingKB/Pods-AnnoyingKB-frameworks-${CONFIGURATION}-input-files.xcfilelist",
			);
			name = "[CP] Embed Pods Frameworks";
			outputFileListPaths = (
				"${PODS_ROOT}/Target Support Files/Pods-AnnoyingKB/Pods-AnnoyingKB-frameworks-${CONFIGURATION}-output-files.xcfilelist",
			);
			runOnlyForDeploymentPostprocessing = 0;
			shellPath = /bin/sh;
			shellScript = "\"${PODS_ROOT}/Target Support Files/Pods-AnnoyingKB/Pods-AnnoyingKB-frameworks.sh\"\n";
			showEnvVarsInLog = 0;
		};
		DDCDE4406087C07B321D230D /* [CP] Check Pods Manifest.lock */ = {
			isa = PBXShellScriptBuildPhase;
			buildActionMask = 2147483647;
			files = (
			);
			inputFileListPaths = (
			);
			inputPaths = (
				"${PODS_PODFILE_DIR_PATH}/Podfile.lock",
				"${PODS_ROOT}/Manifest.lock",
			);
			name = "[CP] Check Pods Manifest.lock";
			outputFileListPaths = (
			);
			outputPaths = (
				"$(DERIVED_FILE_DIR)/Pods-AnnoyingKB-checkManifestLockResult.txt",
			);
			runOnlyForDeploymentPostprocessing = 0;
			shellPath = /bin/sh;
			shellScript = "diff \"${PODS_PODFILE_DIR_PATH}/Podfile.lock\" \"${PODS_ROOT}/Manifest.lock\" > /dev/null\nif [ $? != 0 ] ; then\n    # print error to STDERR\n    echo \"error: The sandbox is not in sync with the Podfile.lock. Run 'pod install' or update your CocoaPods installation.\" >&2\n    exit 1\nfi\n# This output is used by Xcode 'outputs' to avoid re-running this script phase.\necho \"SUCCESS\" > \"${SCRIPT_OUTPUT_FILE_0}\"\n";
			showEnvVarsInLog = 0;
		};
/* End PBXShellScriptBuildPhase section */

/* Begin PBXSourcesBuildPhase section */
		160579F123C0D919007AB158 /* Sources */ = {
			isa = PBXSourcesBuildPhase;
			buildActionMask = 2147483647;
			files = (
				1614288523C23DCF00340362 /* PushNotBySVViewController.swift in Sources */,
				160579FD23C0D919007AB158 /* PushBySVViewController.swift in Sources */,
				160579F923C0D919007AB158 /* AppDelegate.swift in Sources */,
				16613C9223C6BABD00760F2E /* PushByIQManagerViewController.swift in Sources */,
				160579FB23C0D919007AB158 /* SceneDelegate.swift in Sources */,
			);
			runOnlyForDeploymentPostprocessing = 0;
		};
/* End PBXSourcesBuildPhase section */

/* Begin PBXVariantGroup section */
		160579FE23C0D919007AB158 /* Main.storyboard */ = {
			isa = PBXVariantGroup;
			children = (
				160579FF23C0D919007AB158 /* Base */,
			);
			name = Main.storyboard;
			sourceTree = "<group>";
		};
		16057A0323C0D91A007AB158 /* LaunchScreen.storyboard */ = {
			isa = PBXVariantGroup;
			children = (
				16057A0423C0D91A007AB158 /* Base */,
			);
			name = LaunchScreen.storyboard;
			sourceTree = "<group>";
		};
/* End PBXVariantGroup section */

/* Begin XCBuildConfiguration section */
		16057A0723C0D91A007AB158 /* Debug */ = {
			isa = XCBuildConfiguration;
			buildSettings = {
				ALWAYS_SEARCH_USER_PATHS = NO;
				CLANG_ANALYZER_NONNULL = YES;
				CLANG_ANALYZER_NUMBER_OBJECT_CONVERSION = YES_AGGRESSIVE;
				CLANG_CXX_LANGUAGE_STANDARD = "gnu++14";
				CLANG_CXX_LIBRARY = "libc++";
				CLANG_ENABLE_MODULES = YES;
				CLANG_ENABLE_OBJC_ARC = YES;
				CLANG_ENABLE_OBJC_WEAK = YES;
				CLANG_WARN_BLOCK_CAPTURE_AUTORELEASING = YES;
				CLANG_WARN_BOOL_CONVERSION = YES;
				CLANG_WARN_COMMA = YES;
				CLANG_WARN_CONSTANT_CONVERSION = YES;
				CLANG_WARN_DEPRECATED_OBJC_IMPLEMENTATIONS = YES;
				CLANG_WARN_DIRECT_OBJC_ISA_USAGE = YES_ERROR;
				CLANG_WARN_DOCUMENTATION_COMMENTS = YES;
				CLANG_WARN_EMPTY_BODY = YES;
				CLANG_WARN_ENUM_CONVERSION = YES;
				CLANG_WARN_INFINITE_RECURSION = YES;
				CLANG_WARN_INT_CONVERSION = YES;
				CLANG_WARN_NON_LITERAL_NULL_CONVERSION = YES;
				CLANG_WARN_OBJC_IMPLICIT_RETAIN_SELF = YES;
				CLANG_WARN_OBJC_LITERAL_CONVERSION = YES;
				CLANG_WARN_OBJC_ROOT_CLASS = YES_ERROR;
				CLANG_WARN_RANGE_LOOP_ANALYSIS = YES;
				CLANG_WARN_STRICT_PROTOTYPES = YES;
				CLANG_WARN_SUSPICIOUS_MOVE = YES;
				CLANG_WARN_UNGUARDED_AVAILABILITY = YES_AGGRESSIVE;
				CLANG_WARN_UNREACHABLE_CODE = YES;
				CLANG_WARN__DUPLICATE_METHOD_MATCH = YES;
				COPY_PHASE_STRIP = NO;
				DEBUG_INFORMATION_FORMAT = dwarf;
				ENABLE_STRICT_OBJC_MSGSEND = YES;
				ENABLE_TESTABILITY = YES;
				GCC_C_LANGUAGE_STANDARD = gnu11;
				GCC_DYNAMIC_NO_PIC = NO;
				GCC_NO_COMMON_BLOCKS = YES;
				GCC_OPTIMIZATION_LEVEL = 0;
				GCC_PREPROCESSOR_DEFINITIONS = (
					"DEBUG=1",
					"$(inherited)",
				);
				GCC_WARN_64_TO_32_BIT_CONVERSION = YES;
				GCC_WARN_ABOUT_RETURN_TYPE = YES_ERROR;
				GCC_WARN_UNDECLARED_SELECTOR = YES;
				GCC_WARN_UNINITIALIZED_AUTOS = YES_AGGRESSIVE;
				GCC_WARN_UNUSED_FUNCTION = YES;
				GCC_WARN_UNUSED_VARIABLE = YES;
				IPHONEOS_DEPLOYMENT_TARGET = 13.2;
				MTL_ENABLE_DEBUG_INFO = INCLUDE_SOURCE;
				MTL_FAST_MATH = YES;
				ONLY_ACTIVE_ARCH = YES;
				SDKROOT = iphoneos;
				SWIFT_ACTIVE_COMPILATION_CONDITIONS = DEBUG;
				SWIFT_OPTIMIZATION_LEVEL = "-Onone";
			};
			name = Debug;
		};
		16057A0823C0D91A007AB158 /* Release */ = {
			isa = XCBuildConfiguration;
			buildSettings = {
				ALWAYS_SEARCH_USER_PATHS = NO;
				CLANG_ANALYZER_NONNULL = YES;
				CLANG_ANALYZER_NUMBER_OBJECT_CONVERSION = YES_AGGRESSIVE;
				CLANG_CXX_LANGUAGE_STANDARD = "gnu++14";
				CLANG_CXX_LIBRARY = "libc++";
				CLANG_ENABLE_MODULES = YES;
				CLANG_ENABLE_OBJC_ARC = YES;
				CLANG_ENABLE_OBJC_WEAK = YES;
				CLANG_WARN_BLOCK_CAPTURE_AUTORELEASING = YES;
				CLANG_WARN_BOOL_CONVERSION = YES;
				CLANG_WARN_COMMA = YES;
				CLANG_WARN_CONSTANT_CONVERSION = YES;
				CLANG_WARN_DEPRECATED_OBJC_IMPLEMENTATIONS = YES;
				CLANG_WARN_DIRECT_OBJC_ISA_USAGE = YES_ERROR;
				CLANG_WARN_DOCUMENTATION_COMMENTS = YES;
				CLANG_WARN_EMPTY_BODY = YES;
				CLANG_WARN_ENUM_CONVERSION = YES;
				CLANG_WARN_INFINITE_RECURSION = YES;
				CLANG_WARN_INT_CONVERSION = YES;
				CLANG_WARN_NON_LITERAL_NULL_CONVERSION = YES;
				CLANG_WARN_OBJC_IMPLICIT_RETAIN_SELF = YES;
				CLANG_WARN_OBJC_LITERAL_CONVERSION = YES;
				CLANG_WARN_OBJC_ROOT_CLASS = YES_ERROR;
				CLANG_WARN_RANGE_LOOP_ANALYSIS = YES;
				CLANG_WARN_STRICT_PROTOTYPES = YES;
				CLANG_WARN_SUSPICIOUS_MOVE = YES;
				CLANG_WARN_UNGUARDED_AVAILABILITY = YES_AGGRESSIVE;
				CLANG_WARN_UNREACHABLE_CODE = YES;
				CLANG_WARN__DUPLICATE_METHOD_MATCH = YES;
				COPY_PHASE_STRIP = NO;
				DEBUG_INFORMATION_FORMAT = "dwarf-with-dsym";
				ENABLE_NS_ASSERTIONS = NO;
				ENABLE_STRICT_OBJC_MSGSEND = YES;
				GCC_C_LANGUAGE_STANDARD = gnu11;
				GCC_NO_COMMON_BLOCKS = YES;
				GCC_WARN_64_TO_32_BIT_CONVERSION = YES;
				GCC_WARN_ABOUT_RETURN_TYPE = YES_ERROR;
				GCC_WARN_UNDECLARED_SELECTOR = YES;
				GCC_WARN_UNINITIALIZED_AUTOS = YES_AGGRESSIVE;
				GCC_WARN_UNUSED_FUNCTION = YES;
				GCC_WARN_UNUSED_VARIABLE = YES;
				IPHONEOS_DEPLOYMENT_TARGET = 13.2;
				MTL_ENABLE_DEBUG_INFO = NO;
				MTL_FAST_MATH = YES;
				SDKROOT = iphoneos;
				SWIFT_COMPILATION_MODE = wholemodule;
				SWIFT_OPTIMIZATION_LEVEL = "-O";
				VALIDATE_PRODUCT = YES;
			};
			name = Release;
		};
		16057A0A23C0D91A007AB158 /* Debug */ = {
			isa = XCBuildConfiguration;
			baseConfigurationReference = F41738745E6469A2777B8D69 /* Pods-AnnoyingKB.debug.xcconfig */;
			buildSettings = {
				ASSETCATALOG_COMPILER_APPICON_NAME = AppIcon;
				CODE_SIGN_STYLE = Automatic;
				DEVELOPMENT_TEAM = LNL6T3MTH9;
				INFOPLIST_FILE = AnnoyingKB/Info.plist;
				LD_RUNPATH_SEARCH_PATHS = (
					"$(inherited)",
					"@executable_path/Frameworks",
				);
				PRODUCT_BUNDLE_IDENTIFIER = com.Lacie.AnnoyingKB;
				PRODUCT_NAME = "$(TARGET_NAME)";
				SWIFT_VERSION = 5.0;
				TARGETED_DEVICE_FAMILY = 1;
			};
			name = Debug;
		};
		16057A0B23C0D91A007AB158 /* Release */ = {
			isa = XCBuildConfiguration;
			baseConfigurationReference = 0A536DA9473B8EA8B7687CD5 /* Pods-AnnoyingKB.release.xcconfig */;
			buildSettings = {
				ASSETCATALOG_COMPILER_APPICON_NAME = AppIcon;
				CODE_SIGN_STYLE = Automatic;
				DEVELOPMENT_TEAM = LNL6T3MTH9;
				INFOPLIST_FILE = AnnoyingKB/Info.plist;
				LD_RUNPATH_SEARCH_PATHS = (
					"$(inherited)",
					"@executable_path/Frameworks",
				);
				PRODUCT_BUNDLE_IDENTIFIER = com.Lacie.AnnoyingKB;
				PRODUCT_NAME = "$(TARGET_NAME)";
				SWIFT_VERSION = 5.0;
				TARGETED_DEVICE_FAMILY = 1;
			};
			name = Release;
		};
/* End XCBuildConfiguration section */

/* Begin XCConfigurationList section */
		160579F023C0D919007AB158 /* Build configuration list for PBXProject "AnnoyingKB" */ = {
			isa = XCConfigurationList;
			buildConfigurations = (
				16057A0723C0D91A007AB158 /* Debug */,
				16057A0823C0D91A007AB158 /* Release */,
			);
			defaultConfigurationIsVisible = 0;
			defaultConfigurationName = Release;
		};
		16057A0923C0D91A007AB158 /* Build configuration list for PBXNativeTarget "AnnoyingKB" */ = {
			isa = XCConfigurationList;
			buildConfigurations = (
				16057A0A23C0D91A007AB158 /* Debug */,
				16057A0B23C0D91A007AB158 /* Release */,
			);
			defaultConfigurationIsVisible = 0;
			defaultConfigurationName = Release;
		};
/* End XCConfigurationList section */
	};
	rootObject = 160579ED23C0D919007AB158 /* Project object */;
}
